
Microsoft Visual Studio Solution File, Format Version 12.00
# Visual Studio Version 17
VisualStudioVersion = 17.9.34714.143
MinimumVisualStudioVersion = 10.0.40219.1
Project("{FAE04EC0-301F-11D3-BF4B-00C04F79EFBC}") = "ClipExp", "ClipExp\ClipExp.csproj", "{55933CE5-B627-494D-A5A9-C706B177BAD2}"
EndProject
Global
	GlobalSection(SolutionConfigurationPlatforms) = preSolution
		Debug|Any CPU = Debug|Any CPU
		Release|Any CPU = Release|Any CPU
	EndGlobalSection
	GlobalSection(ProjectConfigurationPlatforms) = postSolution
		{55933CE5-B627-494D-A5A9-C706B177BAD2}.Debug|Any CPU.ActiveCfg = Debug|Any CPU
		{55933CE5-B627-494D-A5A9-C706B177BAD2}.Debug|Any CPU.Build.0 = Debug|Any CPU
		{55933CE5-B627-494D-A5A9-C706B177BAD2}.Release|Any CPU.ActiveCfg = Release|Any CPU
		{55933CE5-B627-494D-A5A9-C706B177BAD2}.Release|Any CPU.Build.0 = Release|Any CPU
	EndGlobalSection
	GlobalSection(SolutionProperties) = preSolution
		HideSolutionNode = FALSE
	EndGlobalSection
	GlobalSection(ExtensibilityGlobals) = postSolution
		SolutionGuid = {6B1D9191-38ED-4C99-B230-F508DBC6443F}
	EndGlobalSection
EndGlobal
